
Microsoft Visual Studio Solution File, Format Version 12.00
# Visual Studio Version 16
VisualStudioVersion = 16.0.30907.101
MinimumVisualStudioVersion = 10.0.40219.1
Project("{FAE04EC0-301F-11D3-BF4B-00C04F79EFBC}") = "Les2VariablesAndDatatypes", "Les2VariablesAndDatatypes\Les2VariablesAndDatatypes.csproj", "{C97F0A21-C325-4768-86AC-4D592716746C}"
EndProject
Global
	GlobalSection(SolutionConfigurationPlatforms) = preSolution
		Debug|Any CPU = Debug|Any CPU
		Release|Any CPU = Release|Any CPU
	EndGlobalSection
	GlobalSection(ProjectConfigurationPlatforms) = postSolution
		{C97F0A21-C325-4768-86AC-4D592716746C}.Debug|Any CPU.ActiveCfg = Debug|Any CPU
		{C97F0A21-C325-4768-86AC-4D592716746C}.Debug|Any CPU.Build.0 = Debug|Any CPU
		{C97F0A21-C325-4768-86AC-4D592716746C}.Release|Any CPU.ActiveCfg = Release|Any CPU
		{C97F0A21-C325-4768-86AC-4D592716746C}.Release|Any CPU.Build.0 = Release|Any CPU
	EndGlobalSection
	GlobalSection(SolutionProperties) = preSolution
		HideSolutionNode = FALSE
	EndGlobalSection
	GlobalSection(ExtensibilityGlobals) = postSolution
		SolutionGuid = {E5A3B861-F5FE-434E-9516-F9725A384F28}
	EndGlobalSection
EndGlobal
