
Microsoft Visual Studio Solution File, Format Version 12.00
# Visual Studio Version 16
VisualStudioVersion = 16.0.30907.101
MinimumVisualStudioVersion = 10.0.40219.1
Project("{FAE04EC0-301F-11D3-BF4B-00C04F79EFBC}") = "Les2Loops", "Les2Loops\Les2Loops.csproj", "{97A14BC9-770E-4872-8EF6-1025DF131800}"
EndProject
Global
	GlobalSection(SolutionConfigurationPlatforms) = preSolution
		Debug|Any CPU = Debug|Any CPU
		Release|Any CPU = Release|Any CPU
	EndGlobalSection
	GlobalSection(ProjectConfigurationPlatforms) = postSolution
		{97A14BC9-770E-4872-8EF6-1025DF131800}.Debug|Any CPU.ActiveCfg = Debug|Any CPU
		{97A14BC9-770E-4872-8EF6-1025DF131800}.Debug|Any CPU.Build.0 = Debug|Any CPU
		{97A14BC9-770E-4872-8EF6-1025DF131800}.Release|Any CPU.ActiveCfg = Release|Any CPU
		{97A14BC9-770E-4872-8EF6-1025DF131800}.Release|Any CPU.Build.0 = Release|Any CPU
	EndGlobalSection
	GlobalSection(SolutionProperties) = preSolution
		HideSolutionNode = FALSE
	EndGlobalSection
	GlobalSection(ExtensibilityGlobals) = postSolution
		SolutionGuid = {8258728A-2978-4064-89EE-7E111E502058}
	EndGlobalSection
EndGlobal
