
Microsoft Visual Studio Solution File, Format Version 12.00
# Visual Studio Version 16
VisualStudioVersion = 16.0.30907.101
MinimumVisualStudioVersion = 10.0.40219.1
Project("{FAE04EC0-301F-11D3-BF4B-00C04F79EFBC}") = "Les5Scopes", "Les5Scopes\Les5Scopes.csproj", "{6A3F3221-841C-4E57-A60B-2B110FF0B41A}"
EndProject
Global
	GlobalSection(SolutionConfigurationPlatforms) = preSolution
		Debug|Any CPU = Debug|Any CPU
		Release|Any CPU = Release|Any CPU
	EndGlobalSection
	GlobalSection(ProjectConfigurationPlatforms) = postSolution
		{6A3F3221-841C-4E57-A60B-2B110FF0B41A}.Debug|Any CPU.ActiveCfg = Debug|Any CPU
		{6A3F3221-841C-4E57-A60B-2B110FF0B41A}.Debug|Any CPU.Build.0 = Debug|Any CPU
		{6A3F3221-841C-4E57-A60B-2B110FF0B41A}.Release|Any CPU.ActiveCfg = Release|Any CPU
		{6A3F3221-841C-4E57-A60B-2B110FF0B41A}.Release|Any CPU.Build.0 = Release|Any CPU
	EndGlobalSection
	GlobalSection(SolutionProperties) = preSolution
		HideSolutionNode = FALSE
	EndGlobalSection
	GlobalSection(ExtensibilityGlobals) = postSolution
		SolutionGuid = {45965F80-77F4-4745-B67D-3CEF7D4D854B}
	EndGlobalSection
EndGlobal
