
Microsoft Visual Studio Solution File, Format Version 12.00
# Visual Studio Version 16
VisualStudioVersion = 16.0.30907.101
MinimumVisualStudioVersion = 10.0.40219.1
Project("{FAE04EC0-301F-11D3-BF4B-00C04F79EFBC}") = "HelloWorld", "HelloWorld\HelloWorld.csproj", "{66FEF455-526D-4030-A754-841E2E208353}"
EndProject
Global
	GlobalSection(SolutionConfigurationPlatforms) = preSolution
		Debug|Any CPU = Debug|Any CPU
		Release|Any CPU = Release|Any CPU
	EndGlobalSection
	GlobalSection(ProjectConfigurationPlatforms) = postSolution
		{66FEF455-526D-4030-A754-841E2E208353}.Debug|Any CPU.ActiveCfg = Debug|Any CPU
		{66FEF455-526D-4030-A754-841E2E208353}.Debug|Any CPU.Build.0 = Debug|Any CPU
		{66FEF455-526D-4030-A754-841E2E208353}.Release|Any CPU.ActiveCfg = Release|Any CPU
		{66FEF455-526D-4030-A754-841E2E208353}.Release|Any CPU.Build.0 = Release|Any CPU
	EndGlobalSection
	GlobalSection(SolutionProperties) = preSolution
		HideSolutionNode = FALSE
	EndGlobalSection
	GlobalSection(ExtensibilityGlobals) = postSolution
		SolutionGuid = {E40D9967-2011-4E9F-A7C9-D607C3221FA7}
	EndGlobalSection
EndGlobal
