
Microsoft Visual Studio Solution File, Format Version 12.00
# Visual Studio Version 16
VisualStudioVersion = 16.0.30907.101
MinimumVisualStudioVersion = 10.0.40219.1
Project("{FAE04EC0-301F-11D3-BF4B-00C04F79EFBC}") = "Les3Classes", "Les3Classes\Les3Classes.csproj", "{6E4EB723-BD3D-48C5-A671-6713A52E789C}"
EndProject
Global
	GlobalSection(SolutionConfigurationPlatforms) = preSolution
		Debug|Any CPU = Debug|Any CPU
		Release|Any CPU = Release|Any CPU
	EndGlobalSection
	GlobalSection(ProjectConfigurationPlatforms) = postSolution
		{6E4EB723-BD3D-48C5-A671-6713A52E789C}.Debug|Any CPU.ActiveCfg = Debug|Any CPU
		{6E4EB723-BD3D-48C5-A671-6713A52E789C}.Debug|Any CPU.Build.0 = Debug|Any CPU
		{6E4EB723-BD3D-48C5-A671-6713A52E789C}.Release|Any CPU.ActiveCfg = Release|Any CPU
		{6E4EB723-BD3D-48C5-A671-6713A52E789C}.Release|Any CPU.Build.0 = Release|Any CPU
	EndGlobalSection
	GlobalSection(SolutionProperties) = preSolution
		HideSolutionNode = FALSE
	EndGlobalSection
	GlobalSection(ExtensibilityGlobals) = postSolution
		SolutionGuid = {047EF9F3-3928-48B4-9DE6-ECD77BD79185}
	EndGlobalSection
EndGlobal
